
Microsoft Visual Studio Solution File, Format Version 12.00
# Visual Studio Version 16
VisualStudioVersion = 16.0.28803.202
MinimumVisualStudioVersion = 10.0.40219.1
Project("{FAE04EC0-301F-11D3-BF4B-00C04F79EFBC}") = "GuestLogix.Flights.API", "GuestLogix.Flights.API\GuestLogix.Flights.API.csproj", "{F8563539-CDF1-40E6-B8FE-3C30AC16B98C}"
EndProject
Project("{FAE04EC0-301F-11D3-BF4B-00C04F79EFBC}") = "GuestLogix.Flights.API.Tests", "GuestLogix.Flights.API.Tests\GuestLogix.Flights.API.Tests.csproj", "{DE6A2474-146C-4A89-8BCD-47A1428383BF}"
EndProject
Global
	GlobalSection(SolutionConfigurationPlatforms) = preSolution
		Debug|Any CPU = Debug|Any CPU
		Release|Any CPU = Release|Any CPU
	EndGlobalSection
	GlobalSection(ProjectConfigurationPlatforms) = postSolution
		{F8563539-CDF1-40E6-B8FE-3C30AC16B98C}.Debug|Any CPU.ActiveCfg = Debug|Any CPU
		{F8563539-CDF1-40E6-B8FE-3C30AC16B98C}.Debug|Any CPU.Build.0 = Debug|Any CPU
		{F8563539-CDF1-40E6-B8FE-3C30AC16B98C}.Release|Any CPU.ActiveCfg = Release|Any CPU
		{F8563539-CDF1-40E6-B8FE-3C30AC16B98C}.Release|Any CPU.Build.0 = Release|Any CPU
		{DE6A2474-146C-4A89-8BCD-47A1428383BF}.Debug|Any CPU.ActiveCfg = Debug|Any CPU
		{DE6A2474-146C-4A89-8BCD-47A1428383BF}.Debug|Any CPU.Build.0 = Debug|Any CPU
		{DE6A2474-146C-4A89-8BCD-47A1428383BF}.Release|Any CPU.ActiveCfg = Release|Any CPU
		{DE6A2474-146C-4A89-8BCD-47A1428383BF}.Release|Any CPU.Build.0 = Release|Any CPU
	EndGlobalSection
	GlobalSection(SolutionProperties) = preSolution
		HideSolutionNode = FALSE
	EndGlobalSection
	GlobalSection(ExtensibilityGlobals) = postSolution
		SolutionGuid = {99403352-B5FE-42B0-9CC5-19B78009049A}
	EndGlobalSection
EndGlobal
